
Microsoft Visual Studio Solution File, Format Version 12.00
# Visual Studio Version 17
VisualStudioVersion = 17.7.34031.279
MinimumVisualStudioVersion = 10.0.40219.1
Project("{FAE04EC0-301F-11D3-BF4B-00C04F79EFBC}") = "Exerxise2  Task1a", "Exerxise2  Task1a\Exerxise2  Task1a.csproj", "{397992AE-AC3C-4D25-B666-B17686AE1552}"
EndProject
Global
	GlobalSection(SolutionConfigurationPlatforms) = preSolution
		Debug|Any CPU = Debug|Any CPU
		Release|Any CPU = Release|Any CPU
	EndGlobalSection
	GlobalSection(ProjectConfigurationPlatforms) = postSolution
		{397992AE-AC3C-4D25-B666-B17686AE1552}.Debug|Any CPU.ActiveCfg = Debug|Any CPU
		{397992AE-AC3C-4D25-B666-B17686AE1552}.Debug|Any CPU.Build.0 = Debug|Any CPU
		{397992AE-AC3C-4D25-B666-B17686AE1552}.Release|Any CPU.ActiveCfg = Release|Any CPU
		{397992AE-AC3C-4D25-B666-B17686AE1552}.Release|Any CPU.Build.0 = Release|Any CPU
	EndGlobalSection
	GlobalSection(SolutionProperties) = preSolution
		HideSolutionNode = FALSE
	EndGlobalSection
	GlobalSection(ExtensibilityGlobals) = postSolution
		SolutionGuid = {4FB4A783-7F56-48A1-A9C6-0CD3CD3892A8}
	EndGlobalSection
EndGlobal
